<Solution>
  <Folder Name="/services/" />
  <Folder Name="/services/Catalog/">
    <Project Path="services/Catalog/Catalog.Service.csproj" />
  </Folder>
  <Folder Name="/services/Identity/">
    <Project Path="services/Identity/Identity.Service.csproj" />
  </Folder>
  <Folder Name="/tests/">
    <Project Path="tests/Identity.Service.Tests/Identity.Service.Tests.csproj" />
  </Folder>
</Solution>
